<?xml version="1.0" encoding="utf-8"?>
<Project ToolsVersion="4.0" xmlns="http://schemas.microsoft.com/developer/msbuild/2003">
  <ItemGroup>
    <Filter Include="Source Files">
      <UniqueIdentifier>{4FC737F1-C7A5-4376-A066-2A32D752A2FF}</UniqueIdentifier>
      <Extensions>cpp;c;cc;cxx;def;odl;idl;hpj;bat;asm;asmx</Extensions>
    </Filter>
    <Filter Include="Header Files">
      <UniqueIdentifier>{93995380-89BD-4b04-88EB-625FBE52EBFB}</UniqueIdentifier>
      <Extensions>h;hh;hpp;hxx;hm;inl;inc;ipp;xsd</Extensions>
    </Filter>
    <Filter Include="Resource Files">
      <UniqueIdentifier>{67DA6AB6-F800-4c08-8B7A-83BB121AAD01}</UniqueIdentifier>
      <Extensions>rc;ico;cur;bmp;dlg;rc2;rct;bin;rgs;gif;jpg;jpeg;jpe;resx;tiff;tif;png;wav;mfcribbon-ms</Extensions>
    </Filter>
  </ItemGroup>
  <ItemGroup>
    <ClInclude Include="hasher.h">
      <Filter>Header Files</Filter>
    </ClInclude>
    <ClInclude Include="hasherDlg.h">
      <Filter>Header Files</Filter>
    </ClInclude>
    <ClInclude Include="framework.h">
      <Filter>Header Files</Filter>
    </ClInclude>
    <ClInclude Include="targetver.h">
      <Filter>Header Files</Filter>
    </ClInclude>
    <ClInclude Include="Resource.h">
      <Filter>Header Files</Filter>
    </ClInclude>
    <ClInclude Include="pch.h">
      <Filter>Header Files</Filter>
    </ClInclude>
    <ClInclude Include="openssl\x32\Debug\openssl\aes.h">
      <Filter>Header Files</Filter>
    </ClInclude>
    <ClInclude Include="openssl\x32\Debug\openssl\asn1.h">
      <Filter>Header Files</Filter>
    </ClInclude>
    <ClInclude Include="openssl\x32\Debug\openssl\asn1err.h">
      <Filter>Header Files</Filter>
    </ClInclude>
    <ClInclude Include="openssl\x32\Debug\openssl\asn1t.h">
      <Filter>Header Files</Filter>
    </ClInclude>
    <ClInclude Include="openssl\x32\Debug\openssl\asn1_mac.h">
      <Filter>Header Files</Filter>
    </ClInclude>
    <ClInclude Include="openssl\x32\Debug\openssl\async.h">
      <Filter>Header Files</Filter>
    </ClInclude>
    <ClInclude Include="openssl\x32\Debug\openssl\asyncerr.h">
      <Filter>Header Files</Filter>
    </ClInclude>
    <ClInclude Include="openssl\x32\Debug\openssl\bio.h">
      <Filter>Header Files</Filter>
    </ClInclude>
    <ClInclude Include="openssl\x32\Debug\openssl\bioerr.h">
      <Filter>Header Files</Filter>
    </ClInclude>
    <ClInclude Include="openssl\x32\Debug\openssl\blowfish.h">
      <Filter>Header Files</Filter>
    </ClInclude>
    <ClInclude Include="openssl\x32\Debug\openssl\bn.h">
      <Filter>Header Files</Filter>
    </ClInclude>
    <ClInclude Include="openssl\x32\Debug\openssl\bnerr.h">
      <Filter>Header Files</Filter>
    </ClInclude>
    <ClInclude Include="openssl\x32\Debug\openssl\buffer.h">
      <Filter>Header Files</Filter>
    </ClInclude>
    <ClInclude Include="openssl\x32\Debug\openssl\buffererr.h">
      <Filter>Header Files</Filter>
    </ClInclude>
    <ClInclude Include="openssl\x32\Debug\openssl\camellia.h">
      <Filter>Header Files</Filter>
    </ClInclude>
    <ClInclude Include="openssl\x32\Debug\openssl\cast.h">
      <Filter>Header Files</Filter>
    </ClInclude>
    <ClInclude Include="openssl\x32\Debug\openssl\cmac.h">
      <Filter>Header Files</Filter>
    </ClInclude>
    <ClInclude Include="openssl\x32\Debug\openssl\cmp.h">
      <Filter>Header Files</Filter>
    </ClInclude>
    <ClInclude Include="openssl\x32\Debug\openssl\cmperr.h">
      <Filter>Header Files</Filter>
    </ClInclude>
    <ClInclude Include="openssl\x32\Debug\openssl\cmp_util.h">
      <Filter>Header Files</Filter>
    </ClInclude>
    <ClInclude Include="openssl\x32\Debug\openssl\cms.h">
      <Filter>Header Files</Filter>
    </ClInclude>
    <ClInclude Include="openssl\x32\Debug\openssl\cmserr.h">
      <Filter>Header Files</Filter>
    </ClInclude>
    <ClInclude Include="openssl\x32\Debug\openssl\comp.h">
      <Filter>Header Files</Filter>
    </ClInclude>
    <ClInclude Include="openssl\x32\Debug\openssl\comperr.h">
      <Filter>Header Files</Filter>
    </ClInclude>
    <ClInclude Include="openssl\x32\Debug\openssl\conf.h">
      <Filter>Header Files</Filter>
    </ClInclude>
    <ClInclude Include="openssl\x32\Debug\openssl\conferr.h">
      <Filter>Header Files</Filter>
    </ClInclude>
    <ClInclude Include="openssl\x32\Debug\openssl\configuration.h">
      <Filter>Header Files</Filter>
    </ClInclude>
    <ClInclude Include="openssl\x32\Debug\openssl\conf_api.h">
      <Filter>Header Files</Filter>
    </ClInclude>
    <ClInclude Include="openssl\x32\Debug\openssl\core.h">
      <Filter>Header Files</Filter>
    </ClInclude>
    <ClInclude Include="openssl\x32\Debug\openssl\core_names.h">
      <Filter>Header Files</Filter>
    </ClInclude>
    <ClInclude Include="openssl\x32\Debug\openssl\core_numbers.h">
      <Filter>Header Files</Filter>
    </ClInclude>
    <ClInclude Include="openssl\x32\Debug\openssl\crmf.h">
      <Filter>Header Files</Filter>
    </ClInclude>
    <ClInclude Include="openssl\x32\Debug\openssl\crmferr.h">
      <Filter>Header Files</Filter>
    </ClInclude>
    <ClInclude Include="openssl\x32\Debug\openssl\crypto.h">
      <Filter>Header Files</Filter>
    </ClInclude>
    <ClInclude Include="openssl\x32\Debug\openssl\cryptoerr.h">
      <Filter>Header Files</Filter>
    </ClInclude>
    <ClInclude Include="openssl\x32\Debug\openssl\ct.h">
      <Filter>Header Files</Filter>
    </ClInclude>
    <ClInclude Include="openssl\x32\Debug\openssl\cterr.h">
      <Filter>Header Files</Filter>
    </ClInclude>
    <ClInclude Include="openssl\x32\Debug\openssl\des.h">
      <Filter>Header Files</Filter>
    </ClInclude>
    <ClInclude Include="openssl\x32\Debug\openssl\dh.h">
      <Filter>Header Files</Filter>
    </ClInclude>
    <ClInclude Include="openssl\x32\Debug\openssl\dherr.h">
      <Filter>Header Files</Filter>
    </ClInclude>
    <ClInclude Include="openssl\x32\Debug\openssl\dsa.h">
      <Filter>Header Files</Filter>
    </ClInclude>
    <ClInclude Include="openssl\x32\Debug\openssl\dsaerr.h">
      <Filter>Header Files</Filter>
    </ClInclude>
    <ClInclude Include="openssl\x32\Debug\openssl\dtls1.h">
      <Filter>Header Files</Filter>
    </ClInclude>
    <ClInclude Include="openssl\x32\Debug\openssl\ebcdic.h">
      <Filter>Header Files</Filter>
    </ClInclude>
    <ClInclude Include="openssl\x32\Debug\openssl\ec.h">
      <Filter>Header Files</Filter>
    </ClInclude>
    <ClInclude Include="openssl\x32\Debug\openssl\ecdh.h">
      <Filter>Header Files</Filter>
    </ClInclude>
    <ClInclude Include="openssl\x32\Debug\openssl\ecdsa.h">
      <Filter>Header Files</Filter>
    </ClInclude>
    <ClInclude Include="openssl\x32\Debug\openssl\ecerr.h">
      <Filter>Header Files</Filter>
    </ClInclude>
    <ClInclude Include="openssl\x32\Debug\openssl\engine.h">
      <Filter>Header Files</Filter>
    </ClInclude>
    <ClInclude Include="openssl\x32\Debug\openssl\engineerr.h">
      <Filter>Header Files</Filter>
    </ClInclude>
    <ClInclude Include="openssl\x32\Debug\openssl\err.h">
      <Filter>Header Files</Filter>
    </ClInclude>
    <ClInclude Include="openssl\x32\Debug\openssl\ess.h">
      <Filter>Header Files</Filter>
    </ClInclude>
    <ClInclude Include="openssl\x32\Debug\openssl\esserr.h">
      <Filter>Header Files</Filter>
    </ClInclude>
    <ClInclude Include="openssl\x32\Debug\openssl\evp.h">
      <Filter>Header Files</Filter>
    </ClInclude>
    <ClInclude Include="openssl\x32\Debug\openssl\evperr.h">
      <Filter>Header Files</Filter>
    </ClInclude>
    <ClInclude Include="openssl\x32\Debug\openssl\e_os2.h">
      <Filter>Header Files</Filter>
    </ClInclude>
    <ClInclude Include="openssl\x32\Debug\openssl\fips_names.h">
      <Filter>Header Files</Filter>
    </ClInclude>
    <ClInclude Include="openssl\x32\Debug\openssl\hmac.h">
      <Filter>Header Files</Filter>
    </ClInclude>
    <ClInclude Include="openssl\x32\Debug\openssl\http.h">
      <Filter>Header Files</Filter>
    </ClInclude>
    <ClInclude Include="openssl\x32\Debug\openssl\httperr.h">
      <Filter>Header Files</Filter>
    </ClInclude>
    <ClInclude Include="openssl\x32\Debug\openssl\idea.h">
      <Filter>Header Files</Filter>
    </ClInclude>
    <ClInclude Include="openssl\x32\Debug\openssl\kdf.h">
      <Filter>Header Files</Filter>
    </ClInclude>
    <ClInclude Include="openssl\x32\Debug\openssl\kdferr.h">
      <Filter>Header Files</Filter>
    </ClInclude>
    <ClInclude Include="openssl\x32\Debug\openssl\lhash.h">
      <Filter>Header Files</Filter>
    </ClInclude>
    <ClInclude Include="openssl\x32\Debug\openssl\macros.h">
      <Filter>Header Files</Filter>
    </ClInclude>
    <ClInclude Include="openssl\x32\Debug\openssl\md2.h">
      <Filter>Header Files</Filter>
    </ClInclude>
    <ClInclude Include="openssl\x32\Debug\openssl\md4.h">
      <Filter>Header Files</Filter>
    </ClInclude>
    <ClInclude Include="openssl\x32\Debug\openssl\md5.h">
      <Filter>Header Files</Filter>
    </ClInclude>
    <ClInclude Include="openssl\x32\Debug\openssl\mdc2.h">
      <Filter>Header Files</Filter>
    </ClInclude>
    <ClInclude Include="openssl\x32\Debug\openssl\modes.h">
      <Filter>Header Files</Filter>
    </ClInclude>
    <ClInclude Include="openssl\x32\Debug\openssl\objects.h">
      <Filter>Header Files</Filter>
    </ClInclude>
    <ClInclude Include="openssl\x32\Debug\openssl\objectserr.h">
      <Filter>Header Files</Filter>
    </ClInclude>
    <ClInclude Include="openssl\x32\Debug\openssl\obj_mac.h">
      <Filter>Header Files</Filter>
    </ClInclude>
    <ClInclude Include="openssl\x32\Debug\openssl\ocsp.h">
      <Filter>Header Files</Filter>
    </ClInclude>
    <ClInclude Include="openssl\x32\Debug\openssl\ocsperr.h">
      <Filter>Header Files</Filter>
    </ClInclude>
    <ClInclude Include="openssl\x32\Debug\openssl\opensslconf.h">
      <Filter>Header Files</Filter>
    </ClInclude>
    <ClInclude Include="openssl\x32\Debug\openssl\opensslv.h">
      <Filter>Header Files</Filter>
    </ClInclude>
    <ClInclude Include="openssl\x32\Debug\openssl\ossl_typ.h">
      <Filter>Header Files</Filter>
    </ClInclude>
    <ClInclude Include="openssl\x32\Debug\openssl\params.h">
      <Filter>Header Files</Filter>
    </ClInclude>
    <ClInclude Include="openssl\x32\Debug\openssl\pem.h">
      <Filter>Header Files</Filter>
    </ClInclude>
    <ClInclude Include="openssl\x32\Debug\openssl\pem2.h">
      <Filter>Header Files</Filter>
    </ClInclude>
    <ClInclude Include="openssl\x32\Debug\openssl\pemerr.h">
      <Filter>Header Files</Filter>
    </ClInclude>
    <ClInclude Include="openssl\x32\Debug\openssl\pkcs12.h">
      <Filter>Header Files</Filter>
    </ClInclude>
    <ClInclude Include="openssl\x32\Debug\openssl\pkcs12err.h">
      <Filter>Header Files</Filter>
    </ClInclude>
    <ClInclude Include="openssl\x32\Debug\openssl\pkcs7.h">
      <Filter>Header Files</Filter>
    </ClInclude>
    <ClInclude Include="openssl\x32\Debug\openssl\pkcs7err.h">
      <Filter>Header Files</Filter>
    </ClInclude>
    <ClInclude Include="openssl\x32\Debug\openssl\provider.h">
      <Filter>Header Files</Filter>
    </ClInclude>
    <ClInclude Include="openssl\x32\Debug\openssl\rand.h">
      <Filter>Header Files</Filter>
    </ClInclude>
    <ClInclude Include="openssl\x32\Debug\openssl\randerr.h">
      <Filter>Header Files</Filter>
    </ClInclude>
    <ClInclude Include="openssl\x32\Debug\openssl\rand_drbg.h">
      <Filter>Header Files</Filter>
    </ClInclude>
    <ClInclude Include="openssl\x32\Debug\openssl\rc2.h">
      <Filter>Header Files</Filter>
    </ClInclude>
    <ClInclude Include="openssl\x32\Debug\openssl\rc4.h">
      <Filter>Header Files</Filter>
    </ClInclude>
    <ClInclude Include="openssl\x32\Debug\openssl\rc5.h">
      <Filter>Header Files</Filter>
    </ClInclude>
    <ClInclude Include="openssl\x32\Debug\openssl\ripemd.h">
      <Filter>Header Files</Filter>
    </ClInclude>
    <ClInclude Include="openssl\x32\Debug\openssl\rsa.h">
      <Filter>Header Files</Filter>
    </ClInclude>
    <ClInclude Include="openssl\x32\Debug\openssl\rsaerr.h">
      <Filter>Header Files</Filter>
    </ClInclude>
    <ClInclude Include="openssl\x32\Debug\openssl\safestack.h">
      <Filter>Header Files</Filter>
    </ClInclude>
    <ClInclude Include="openssl\x32\Debug\openssl\seed.h">
      <Filter>Header Files</Filter>
    </ClInclude>
    <ClInclude Include="openssl\x32\Debug\openssl\self_test.h">
      <Filter>Header Files</Filter>
    </ClInclude>
    <ClInclude Include="openssl\x32\Debug\openssl\serializer.h">
      <Filter>Header Files</Filter>
    </ClInclude>
    <ClInclude Include="openssl\x32\Debug\openssl\serializererr.h">
      <Filter>Header Files</Filter>
    </ClInclude>
    <ClInclude Include="openssl\x32\Debug\openssl\sha.h">
      <Filter>Header Files</Filter>
    </ClInclude>
    <ClInclude Include="openssl\x32\Debug\openssl\srp.h">
      <Filter>Header Files</Filter>
    </ClInclude>
    <ClInclude Include="openssl\x32\Debug\openssl\srtp.h">
      <Filter>Header Files</Filter>
    </ClInclude>
    <ClInclude Include="openssl\x32\Debug\openssl\ssl.h">
      <Filter>Header Files</Filter>
    </ClInclude>
    <ClInclude Include="openssl\x32\Debug\openssl\ssl2.h">
      <Filter>Header Files</Filter>
    </ClInclude>
    <ClInclude Include="openssl\x32\Debug\openssl\ssl3.h">
      <Filter>Header Files</Filter>
    </ClInclude>
    <ClInclude Include="openssl\x32\Debug\openssl\sslerr.h">
      <Filter>Header Files</Filter>
    </ClInclude>
    <ClInclude Include="openssl\x32\Debug\openssl\stack.h">
      <Filter>Header Files</Filter>
    </ClInclude>
    <ClInclude Include="openssl\x32\Debug\openssl\store.h">
      <Filter>Header Files</Filter>
    </ClInclude>
    <ClInclude Include="openssl\x32\Debug\openssl\storeerr.h">
      <Filter>Header Files</Filter>
    </ClInclude>
    <ClInclude Include="openssl\x32\Debug\openssl\symhacks.h">
      <Filter>Header Files</Filter>
    </ClInclude>
    <ClInclude Include="openssl\x32\Debug\openssl\tls1.h">
      <Filter>Header Files</Filter>
    </ClInclude>
    <ClInclude Include="openssl\x32\Debug\openssl\trace.h">
      <Filter>Header Files</Filter>
    </ClInclude>
    <ClInclude Include="openssl\x32\Debug\openssl\ts.h">
      <Filter>Header Files</Filter>
    </ClInclude>
    <ClInclude Include="openssl\x32\Debug\openssl\tserr.h">
      <Filter>Header Files</Filter>
    </ClInclude>
    <ClInclude Include="openssl\x32\Debug\openssl\txt_db.h">
      <Filter>Header Files</Filter>
    </ClInclude>
    <ClInclude Include="openssl\x32\Debug\openssl\types.h">
      <Filter>Header Files</Filter>
    </ClInclude>
    <ClInclude Include="openssl\x32\Debug\openssl\ui.h">
      <Filter>Header Files</Filter>
    </ClInclude>
    <ClInclude Include="openssl\x32\Debug\openssl\uierr.h">
      <Filter>Header Files</Filter>
    </ClInclude>
    <ClInclude Include="openssl\x32\Debug\openssl\whrlpool.h">
      <Filter>Header Files</Filter>
    </ClInclude>
    <ClInclude Include="openssl\x32\Debug\openssl\x509.h">
      <Filter>Header Files</Filter>
    </ClInclude>
    <ClInclude Include="openssl\x32\Debug\openssl\x509err.h">
      <Filter>Header Files</Filter>
    </ClInclude>
    <ClInclude Include="openssl\x32\Debug\openssl\x509v3.h">
      <Filter>Header Files</Filter>
    </ClInclude>
    <ClInclude Include="openssl\x32\Debug\openssl\x509v3err.h">
      <Filter>Header Files</Filter>
    </ClInclude>
    <ClInclude Include="openssl\x32\Debug\openssl\x509_vfy.h">
      <Filter>Header Files</Filter>
    </ClInclude>
    <ClInclude Include="openssl\x32\Debug\openssl\__DECC_INCLUDE_EPILOGUE.H">
      <Filter>Header Files</Filter>
    </ClInclude>
    <ClInclude Include="openssl\x32\Debug\openssl\__DECC_INCLUDE_PROLOGUE.H">
      <Filter>Header Files</Filter>
    </ClInclude>
    <ClInclude Include="openssl\x32\Release\openssl\aes.h">
      <Filter>Header Files</Filter>
    </ClInclude>
    <ClInclude Include="openssl\x32\Release\openssl\asn1.h">
      <Filter>Header Files</Filter>
    </ClInclude>
    <ClInclude Include="openssl\x32\Release\openssl\asn1err.h">
      <Filter>Header Files</Filter>
    </ClInclude>
    <ClInclude Include="openssl\x32\Release\openssl\asn1t.h">
      <Filter>Header Files</Filter>
    </ClInclude>
    <ClInclude Include="openssl\x32\Release\openssl\asn1_mac.h">
      <Filter>Header Files</Filter>
    </ClInclude>
    <ClInclude Include="openssl\x32\Release\openssl\async.h">
      <Filter>Header Files</Filter>
    </ClInclude>
    <ClInclude Include="openssl\x32\Release\openssl\asyncerr.h">
      <Filter>Header Files</Filter>
    </ClInclude>
    <ClInclude Include="openssl\x32\Release\openssl\bio.h">
      <Filter>Header Files</Filter>
    </ClInclude>
    <ClInclude Include="openssl\x32\Release\openssl\bioerr.h">
      <Filter>Header Files</Filter>
    </ClInclude>
    <ClInclude Include="openssl\x32\Release\openssl\blowfish.h">
      <Filter>Header Files</Filter>
    </ClInclude>
    <ClInclude Include="openssl\x32\Release\openssl\bn.h">
      <Filter>Header Files</Filter>
    </ClInclude>
    <ClInclude Include="openssl\x32\Release\openssl\bnerr.h">
      <Filter>Header Files</Filter>
    </ClInclude>
    <ClInclude Include="openssl\x32\Release\openssl\buffer.h">
      <Filter>Header Files</Filter>
    </ClInclude>
    <ClInclude Include="openssl\x32\Release\openssl\buffererr.h">
      <Filter>Header Files</Filter>
    </ClInclude>
    <ClInclude Include="openssl\x32\Release\openssl\camellia.h">
      <Filter>Header Files</Filter>
    </ClInclude>
    <ClInclude Include="openssl\x32\Release\openssl\cast.h">
      <Filter>Header Files</Filter>
    </ClInclude>
    <ClInclude Include="openssl\x32\Release\openssl\cmac.h">
      <Filter>Header Files</Filter>
    </ClInclude>
    <ClInclude Include="openssl\x32\Release\openssl\cmp.h">
      <Filter>Header Files</Filter>
    </ClInclude>
    <ClInclude Include="openssl\x32\Release\openssl\cmperr.h">
      <Filter>Header Files</Filter>
    </ClInclude>
    <ClInclude Include="openssl\x32\Release\openssl\cmp_util.h">
      <Filter>Header Files</Filter>
    </ClInclude>
    <ClInclude Include="openssl\x32\Release\openssl\cms.h">
      <Filter>Header Files</Filter>
    </ClInclude>
    <ClInclude Include="openssl\x32\Release\openssl\cmserr.h">
      <Filter>Header Files</Filter>
    </ClInclude>
    <ClInclude Include="openssl\x32\Release\openssl\comp.h">
      <Filter>Header Files</Filter>
    </ClInclude>
    <ClInclude Include="openssl\x32\Release\openssl\comperr.h">
      <Filter>Header Files</Filter>
    </ClInclude>
    <ClInclude Include="openssl\x32\Release\openssl\conf.h">
      <Filter>Header Files</Filter>
    </ClInclude>
    <ClInclude Include="openssl\x32\Release\openssl\conferr.h">
      <Filter>Header Files</Filter>
    </ClInclude>
    <ClInclude Include="openssl\x32\Release\openssl\configuration.h">
      <Filter>Header Files</Filter>
    </ClInclude>
    <ClInclude Include="openssl\x32\Release\openssl\conf_api.h">
      <Filter>Header Files</Filter>
    </ClInclude>
    <ClInclude Include="openssl\x32\Release\openssl\core.h">
      <Filter>Header Files</Filter>
    </ClInclude>
    <ClInclude Include="openssl\x32\Release\openssl\core_names.h">
      <Filter>Header Files</Filter>
    </ClInclude>
    <ClInclude Include="openssl\x32\Release\openssl\core_numbers.h">
      <Filter>Header Files</Filter>
    </ClInclude>
    <ClInclude Include="openssl\x32\Release\openssl\crmf.h">
      <Filter>Header Files</Filter>
    </ClInclude>
    <ClInclude Include="openssl\x32\Release\openssl\crmferr.h">
      <Filter>Header Files</Filter>
    </ClInclude>
    <ClInclude Include="openssl\x32\Release\openssl\crypto.h">
      <Filter>Header Files</Filter>
    </ClInclude>
    <ClInclude Include="openssl\x32\Release\openssl\cryptoerr.h">
      <Filter>Header Files</Filter>
    </ClInclude>
    <ClInclude Include="openssl\x32\Release\openssl\ct.h">
      <Filter>Header Files</Filter>
    </ClInclude>
    <ClInclude Include="openssl\x32\Release\openssl\cterr.h">
      <Filter>Header Files</Filter>
    </ClInclude>
    <ClInclude Include="openssl\x32\Release\openssl\des.h">
      <Filter>Header Files</Filter>
    </ClInclude>
    <ClInclude Include="openssl\x32\Release\openssl\dh.h">
      <Filter>Header Files</Filter>
    </ClInclude>
    <ClInclude Include="openssl\x32\Release\openssl\dherr.h">
      <Filter>Header Files</Filter>
    </ClInclude>
    <ClInclude Include="openssl\x32\Release\openssl\dsa.h">
      <Filter>Header Files</Filter>
    </ClInclude>
    <ClInclude Include="openssl\x32\Release\openssl\dsaerr.h">
      <Filter>Header Files</Filter>
    </ClInclude>
    <ClInclude Include="openssl\x32\Release\openssl\dtls1.h">
      <Filter>Header Files</Filter>
    </ClInclude>
    <ClInclude Include="openssl\x32\Release\openssl\ebcdic.h">
      <Filter>Header Files</Filter>
    </ClInclude>
    <ClInclude Include="openssl\x32\Release\openssl\ec.h">
      <Filter>Header Files</Filter>
    </ClInclude>
    <ClInclude Include="openssl\x32\Release\openssl\ecdh.h">
      <Filter>Header Files</Filter>
    </ClInclude>
    <ClInclude Include="openssl\x32\Release\openssl\ecdsa.h">
      <Filter>Header Files</Filter>
    </ClInclude>
    <ClInclude Include="openssl\x32\Release\openssl\ecerr.h">
      <Filter>Header Files</Filter>
    </ClInclude>
    <ClInclude Include="openssl\x32\Release\openssl\engine.h">
      <Filter>Header Files</Filter>
    </ClInclude>
    <ClInclude Include="openssl\x32\Release\openssl\engineerr.h">
      <Filter>Header Files</Filter>
    </ClInclude>
    <ClInclude Include="openssl\x32\Release\openssl\err.h">
      <Filter>Header Files</Filter>
    </ClInclude>
    <ClInclude Include="openssl\x32\Release\openssl\ess.h">
      <Filter>Header Files</Filter>
    </ClInclude>
    <ClInclude Include="openssl\x32\Release\openssl\esserr.h">
      <Filter>Header Files</Filter>
    </ClInclude>
    <ClInclude Include="openssl\x32\Release\openssl\evp.h">
      <Filter>Header Files</Filter>
    </ClInclude>
    <ClInclude Include="openssl\x32\Release\openssl\evperr.h">
      <Filter>Header Files</Filter>
    </ClInclude>
    <ClInclude Include="openssl\x32\Release\openssl\e_os2.h">
      <Filter>Header Files</Filter>
    </ClInclude>
    <ClInclude Include="openssl\x32\Release\openssl\fips_names.h">
      <Filter>Header Files</Filter>
    </ClInclude>
    <ClInclude Include="openssl\x32\Release\openssl\hmac.h">
      <Filter>Header Files</Filter>
    </ClInclude>
    <ClInclude Include="openssl\x32\Release\openssl\http.h">
      <Filter>Header Files</Filter>
    </ClInclude>
    <ClInclude Include="openssl\x32\Release\openssl\httperr.h">
      <Filter>Header Files</Filter>
    </ClInclude>
    <ClInclude Include="openssl\x32\Release\openssl\idea.h">
      <Filter>Header Files</Filter>
    </ClInclude>
    <ClInclude Include="openssl\x32\Release\openssl\kdf.h">
      <Filter>Header Files</Filter>
    </ClInclude>
    <ClInclude Include="openssl\x32\Release\openssl\kdferr.h">
      <Filter>Header Files</Filter>
    </ClInclude>
    <ClInclude Include="openssl\x32\Release\openssl\lhash.h">
      <Filter>Header Files</Filter>
    </ClInclude>
    <ClInclude Include="openssl\x32\Release\openssl\macros.h">
      <Filter>Header Files</Filter>
    </ClInclude>
    <ClInclude Include="openssl\x32\Release\openssl\md2.h">
      <Filter>Header Files</Filter>
    </ClInclude>
    <ClInclude Include="openssl\x32\Release\openssl\md4.h">
      <Filter>Header Files</Filter>
    </ClInclude>
    <ClInclude Include="openssl\x32\Release\openssl\md5.h">
      <Filter>Header Files</Filter>
    </ClInclude>
    <ClInclude Include="openssl\x32\Release\openssl\mdc2.h">
      <Filter>Header Files</Filter>
    </ClInclude>
    <ClInclude Include="openssl\x32\Release\openssl\modes.h">
      <Filter>Header Files</Filter>
    </ClInclude>
    <ClInclude Include="openssl\x32\Release\openssl\objects.h">
      <Filter>Header Files</Filter>
    </ClInclude>
    <ClInclude Include="openssl\x32\Release\openssl\objectserr.h">
      <Filter>Header Files</Filter>
    </ClInclude>
    <ClInclude Include="openssl\x32\Release\openssl\obj_mac.h">
      <Filter>Header Files</Filter>
    </ClInclude>
    <ClInclude Include="openssl\x32\Release\openssl\ocsp.h">
      <Filter>Header Files</Filter>
    </ClInclude>
    <ClInclude Include="openssl\x32\Release\openssl\ocsperr.h">
      <Filter>Header Files</Filter>
    </ClInclude>
    <ClInclude Include="openssl\x32\Release\openssl\opensslconf.h">
      <Filter>Header Files</Filter>
    </ClInclude>
    <ClInclude Include="openssl\x32\Release\openssl\opensslv.h">
      <Filter>Header Files</Filter>
    </ClInclude>
    <ClInclude Include="openssl\x32\Release\openssl\ossl_typ.h">
      <Filter>Header Files</Filter>
    </ClInclude>
    <ClInclude Include="openssl\x32\Release\openssl\params.h">
      <Filter>Header Files</Filter>
    </ClInclude>
    <ClInclude Include="openssl\x32\Release\openssl\pem.h">
      <Filter>Header Files</Filter>
    </ClInclude>
    <ClInclude Include="openssl\x32\Release\openssl\pem2.h">
      <Filter>Header Files</Filter>
    </ClInclude>
    <ClInclude Include="openssl\x32\Release\openssl\pemerr.h">
      <Filter>Header Files</Filter>
    </ClInclude>
    <ClInclude Include="openssl\x32\Release\openssl\pkcs12.h">
      <Filter>Header Files</Filter>
    </ClInclude>
    <ClInclude Include="openssl\x32\Release\openssl\pkcs12err.h">
      <Filter>Header Files</Filter>
    </ClInclude>
    <ClInclude Include="openssl\x32\Release\openssl\pkcs7.h">
      <Filter>Header Files</Filter>
    </ClInclude>
    <ClInclude Include="openssl\x32\Release\openssl\pkcs7err.h">
      <Filter>Header Files</Filter>
    </ClInclude>
    <ClInclude Include="openssl\x32\Release\openssl\provider.h">
      <Filter>Header Files</Filter>
    </ClInclude>
    <ClInclude Include="openssl\x32\Release\openssl\rand.h">
      <Filter>Header Files</Filter>
    </ClInclude>
    <ClInclude Include="openssl\x32\Release\openssl\randerr.h">
      <Filter>Header Files</Filter>
    </ClInclude>
    <ClInclude Include="openssl\x32\Release\openssl\rand_drbg.h">
      <Filter>Header Files</Filter>
    </ClInclude>
    <ClInclude Include="openssl\x32\Release\openssl\rc2.h">
      <Filter>Header Files</Filter>
    </ClInclude>
    <ClInclude Include="openssl\x32\Release\openssl\rc4.h">
      <Filter>Header Files</Filter>
    </ClInclude>
    <ClInclude Include="openssl\x32\Release\openssl\rc5.h">
      <Filter>Header Files</Filter>
    </ClInclude>
    <ClInclude Include="openssl\x32\Release\openssl\ripemd.h">
      <Filter>Header Files</Filter>
    </ClInclude>
    <ClInclude Include="openssl\x32\Release\openssl\rsa.h">
      <Filter>Header Files</Filter>
    </ClInclude>
    <ClInclude Include="openssl\x32\Release\openssl\rsaerr.h">
      <Filter>Header Files</Filter>
    </ClInclude>
    <ClInclude Include="openssl\x32\Release\openssl\safestack.h">
      <Filter>Header Files</Filter>
    </ClInclude>
    <ClInclude Include="openssl\x32\Release\openssl\seed.h">
      <Filter>Header Files</Filter>
    </ClInclude>
    <ClInclude Include="openssl\x32\Release\openssl\self_test.h">
      <Filter>Header Files</Filter>
    </ClInclude>
    <ClInclude Include="openssl\x32\Release\openssl\serializer.h">
      <Filter>Header Files</Filter>
    </ClInclude>
    <ClInclude Include="openssl\x32\Release\openssl\serializererr.h">
      <Filter>Header Files</Filter>
    </ClInclude>
    <ClInclude Include="openssl\x32\Release\openssl\sha.h">
      <Filter>Header Files</Filter>
    </ClInclude>
    <ClInclude Include="openssl\x32\Release\openssl\srp.h">
      <Filter>Header Files</Filter>
    </ClInclude>
    <ClInclude Include="openssl\x32\Release\openssl\srtp.h">
      <Filter>Header Files</Filter>
    </ClInclude>
    <ClInclude Include="openssl\x32\Release\openssl\ssl.h">
      <Filter>Header Files</Filter>
    </ClInclude>
    <ClInclude Include="openssl\x32\Release\openssl\ssl2.h">
      <Filter>Header Files</Filter>
    </ClInclude>
    <ClInclude Include="openssl\x32\Release\openssl\ssl3.h">
      <Filter>Header Files</Filter>
    </ClInclude>
    <ClInclude Include="openssl\x32\Release\openssl\sslerr.h">
      <Filter>Header Files</Filter>
    </ClInclude>
    <ClInclude Include="openssl\x32\Release\openssl\stack.h">
      <Filter>Header Files</Filter>
    </ClInclude>
    <ClInclude Include="openssl\x32\Release\openssl\store.h">
      <Filter>Header Files</Filter>
    </ClInclude>
    <ClInclude Include="openssl\x32\Release\openssl\storeerr.h">
      <Filter>Header Files</Filter>
    </ClInclude>
    <ClInclude Include="openssl\x32\Release\openssl\symhacks.h">
      <Filter>Header Files</Filter>
    </ClInclude>
    <ClInclude Include="openssl\x32\Release\openssl\tls1.h">
      <Filter>Header Files</Filter>
    </ClInclude>
    <ClInclude Include="openssl\x32\Release\openssl\trace.h">
      <Filter>Header Files</Filter>
    </ClInclude>
    <ClInclude Include="openssl\x32\Release\openssl\ts.h">
      <Filter>Header Files</Filter>
    </ClInclude>
    <ClInclude Include="openssl\x32\Release\openssl\tserr.h">
      <Filter>Header Files</Filter>
    </ClInclude>
    <ClInclude Include="openssl\x32\Release\openssl\txt_db.h">
      <Filter>Header Files</Filter>
    </ClInclude>
    <ClInclude Include="openssl\x32\Release\openssl\types.h">
      <Filter>Header Files</Filter>
    </ClInclude>
    <ClInclude Include="openssl\x32\Release\openssl\ui.h">
      <Filter>Header Files</Filter>
    </ClInclude>
    <ClInclude Include="openssl\x32\Release\openssl\uierr.h">
      <Filter>Header Files</Filter>
    </ClInclude>
    <ClInclude Include="openssl\x32\Release\openssl\whrlpool.h">
      <Filter>Header Files</Filter>
    </ClInclude>
    <ClInclude Include="openssl\x32\Release\openssl\x509.h">
      <Filter>Header Files</Filter>
    </ClInclude>
    <ClInclude Include="openssl\x32\Release\openssl\x509err.h">
      <Filter>Header Files</Filter>
    </ClInclude>
    <ClInclude Include="openssl\x32\Release\openssl\x509v3.h">
      <Filter>Header Files</Filter>
    </ClInclude>
    <ClInclude Include="openssl\x32\Release\openssl\x509v3err.h">
      <Filter>Header Files</Filter>
    </ClInclude>
    <ClInclude Include="openssl\x32\Release\openssl\x509_vfy.h">
      <Filter>Header Files</Filter>
    </ClInclude>
    <ClInclude Include="openssl\x32\Release\openssl\__DECC_INCLUDE_EPILOGUE.H">
      <Filter>Header Files</Filter>
    </ClInclude>
    <ClInclude Include="openssl\x32\Release\openssl\__DECC_INCLUDE_PROLOGUE.H">
      <Filter>Header Files</Filter>
    </ClInclude>
    <ClInclude Include="openssl\x64\Debug\openssl\aes.h">
      <Filter>Header Files</Filter>
    </ClInclude>
    <ClInclude Include="openssl\x64\Debug\openssl\asn1.h">
      <Filter>Header Files</Filter>
    </ClInclude>
    <ClInclude Include="openssl\x64\Debug\openssl\asn1err.h">
      <Filter>Header Files</Filter>
    </ClInclude>
    <ClInclude Include="openssl\x64\Debug\openssl\asn1t.h">
      <Filter>Header Files</Filter>
    </ClInclude>
    <ClInclude Include="openssl\x64\Debug\openssl\asn1_mac.h">
      <Filter>Header Files</Filter>
    </ClInclude>
    <ClInclude Include="openssl\x64\Debug\openssl\async.h">
      <Filter>Header Files</Filter>
    </ClInclude>
    <ClInclude Include="openssl\x64\Debug\openssl\asyncerr.h">
      <Filter>Header Files</Filter>
    </ClInclude>
    <ClInclude Include="openssl\x64\Debug\openssl\bio.h">
      <Filter>Header Files</Filter>
    </ClInclude>
    <ClInclude Include="openssl\x64\Debug\openssl\bioerr.h">
      <Filter>Header Files</Filter>
    </ClInclude>
    <ClInclude Include="openssl\x64\Debug\openssl\blowfish.h">
      <Filter>Header Files</Filter>
    </ClInclude>
    <ClInclude Include="openssl\x64\Debug\openssl\bn.h">
      <Filter>Header Files</Filter>
    </ClInclude>
    <ClInclude Include="openssl\x64\Debug\openssl\bnerr.h">
      <Filter>Header Files</Filter>
    </ClInclude>
    <ClInclude Include="openssl\x64\Debug\openssl\buffer.h">
      <Filter>Header Files</Filter>
    </ClInclude>
    <ClInclude Include="openssl\x64\Debug\openssl\buffererr.h">
      <Filter>Header Files</Filter>
    </ClInclude>
    <ClInclude Include="openssl\x64\Debug\openssl\camellia.h">
      <Filter>Header Files</Filter>
    </ClInclude>
    <ClInclude Include="openssl\x64\Debug\openssl\cast.h">
      <Filter>Header Files</Filter>
    </ClInclude>
    <ClInclude Include="openssl\x64\Debug\openssl\cmac.h">
      <Filter>Header Files</Filter>
    </ClInclude>
    <ClInclude Include="openssl\x64\Debug\openssl\cmp.h">
      <Filter>Header Files</Filter>
    </ClInclude>
    <ClInclude Include="openssl\x64\Debug\openssl\cmperr.h">
      <Filter>Header Files</Filter>
    </ClInclude>
    <ClInclude Include="openssl\x64\Debug\openssl\cmp_util.h">
      <Filter>Header Files</Filter>
    </ClInclude>
    <ClInclude Include="openssl\x64\Debug\openssl\cms.h">
      <Filter>Header Files</Filter>
    </ClInclude>
    <ClInclude Include="openssl\x64\Debug\openssl\cmserr.h">
      <Filter>Header Files</Filter>
    </ClInclude>
    <ClInclude Include="openssl\x64\Debug\openssl\comp.h">
      <Filter>Header Files</Filter>
    </ClInclude>
    <ClInclude Include="openssl\x64\Debug\openssl\comperr.h">
      <Filter>Header Files</Filter>
    </ClInclude>
    <ClInclude Include="openssl\x64\Debug\openssl\conf.h">
      <Filter>Header Files</Filter>
    </ClInclude>
    <ClInclude Include="openssl\x64\Debug\openssl\conferr.h">
      <Filter>Header Files</Filter>
    </ClInclude>
    <ClInclude Include="openssl\x64\Debug\openssl\configuration.h">
      <Filter>Header Files</Filter>
    </ClInclude>
    <ClInclude Include="openssl\x64\Debug\openssl\conf_api.h">
      <Filter>Header Files</Filter>
    </ClInclude>
    <ClInclude Include="openssl\x64\Debug\openssl\core.h">
      <Filter>Header Files</Filter>
    </ClInclude>
    <ClInclude Include="openssl\x64\Debug\openssl\core_names.h">
      <Filter>Header Files</Filter>
    </ClInclude>
    <ClInclude Include="openssl\x64\Debug\openssl\core_numbers.h">
      <Filter>Header Files</Filter>
    </ClInclude>
    <ClInclude Include="openssl\x64\Debug\openssl\crmf.h">
      <Filter>Header Files</Filter>
    </ClInclude>
    <ClInclude Include="openssl\x64\Debug\openssl\crmferr.h">
      <Filter>Header Files</Filter>
    </ClInclude>
    <ClInclude Include="openssl\x64\Debug\openssl\crypto.h">
      <Filter>Header Files</Filter>
    </ClInclude>
    <ClInclude Include="openssl\x64\Debug\openssl\cryptoerr.h">
      <Filter>Header Files</Filter>
    </ClInclude>
    <ClInclude Include="openssl\x64\Debug\openssl\ct.h">
      <Filter>Header Files</Filter>
    </ClInclude>
    <ClInclude Include="openssl\x64\Debug\openssl\cterr.h">
      <Filter>Header Files</Filter>
    </ClInclude>
    <ClInclude Include="openssl\x64\Debug\openssl\des.h">
      <Filter>Header Files</Filter>
    </ClInclude>
    <ClInclude Include="openssl\x64\Debug\openssl\dh.h">
      <Filter>Header Files</Filter>
    </ClInclude>
    <ClInclude Include="openssl\x64\Debug\openssl\dherr.h">
      <Filter>Header Files</Filter>
    </ClInclude>
    <ClInclude Include="openssl\x64\Debug\openssl\dsa.h">
      <Filter>Header Files</Filter>
    </ClInclude>
    <ClInclude Include="openssl\x64\Debug\openssl\dsaerr.h">
      <Filter>Header Files</Filter>
    </ClInclude>
    <ClInclude Include="openssl\x64\Debug\openssl\dtls1.h">
      <Filter>Header Files</Filter>
    </ClInclude>
    <ClInclude Include="openssl\x64\Debug\openssl\ebcdic.h">
      <Filter>Header Files</Filter>
    </ClInclude>
    <ClInclude Include="openssl\x64\Debug\openssl\ec.h">
      <Filter>Header Files</Filter>
    </ClInclude>
    <ClInclude Include="openssl\x64\Debug\openssl\ecdh.h">
      <Filter>Header Files</Filter>
    </ClInclude>
    <ClInclude Include="openssl\x64\Debug\openssl\ecdsa.h">
      <Filter>Header Files</Filter>
    </ClInclude>
    <ClInclude Include="openssl\x64\Debug\openssl\ecerr.h">
      <Filter>Header Files</Filter>
    </ClInclude>
    <ClInclude Include="openssl\x64\Debug\openssl\engine.h">
      <Filter>Header Files</Filter>
    </ClInclude>
    <ClInclude Include="openssl\x64\Debug\openssl\engineerr.h">
      <Filter>Header Files</Filter>
    </ClInclude>
    <ClInclude Include="openssl\x64\Debug\openssl\err.h">
      <Filter>Header Files</Filter>
    </ClInclude>
    <ClInclude Include="openssl\x64\Debug\openssl\ess.h">
      <Filter>Header Files</Filter>
    </ClInclude>
    <ClInclude Include="openssl\x64\Debug\openssl\esserr.h">
      <Filter>Header Files</Filter>
    </ClInclude>
    <ClInclude Include="openssl\x64\Debug\openssl\evp.h">
      <Filter>Header Files</Filter>
    </ClInclude>
    <ClInclude Include="openssl\x64\Debug\openssl\evperr.h">
      <Filter>Header Files</Filter>
    </ClInclude>
    <ClInclude Include="openssl\x64\Debug\openssl\e_os2.h">
      <Filter>Header Files</Filter>
    </ClInclude>
    <ClInclude Include="openssl\x64\Debug\openssl\fips_names.h">
      <Filter>Header Files</Filter>
    </ClInclude>
    <ClInclude Include="openssl\x64\Debug\openssl\hmac.h">
      <Filter>Header Files</Filter>
    </ClInclude>
    <ClInclude Include="openssl\x64\Debug\openssl\http.h">
      <Filter>Header Files</Filter>
    </ClInclude>
    <ClInclude Include="openssl\x64\Debug\openssl\httperr.h">
      <Filter>Header Files</Filter>
    </ClInclude>
    <ClInclude Include="openssl\x64\Debug\openssl\idea.h">
      <Filter>Header Files</Filter>
    </ClInclude>
    <ClInclude Include="openssl\x64\Debug\openssl\kdf.h">
      <Filter>Header Files</Filter>
    </ClInclude>
    <ClInclude Include="openssl\x64\Debug\openssl\kdferr.h">
      <Filter>Header Files</Filter>
    </ClInclude>
    <ClInclude Include="openssl\x64\Debug\openssl\lhash.h">
      <Filter>Header Files</Filter>
    </ClInclude>
    <ClInclude Include="openssl\x64\Debug\openssl\macros.h">
      <Filter>Header Files</Filter>
    </ClInclude>
    <ClInclude Include="openssl\x64\Debug\openssl\md2.h">
      <Filter>Header Files</Filter>
    </ClInclude>
    <ClInclude Include="openssl\x64\Debug\openssl\md4.h">
      <Filter>Header Files</Filter>
    </ClInclude>
    <ClInclude Include="openssl\x64\Debug\openssl\md5.h">
      <Filter>Header Files</Filter>
    </ClInclude>
    <ClInclude Include="openssl\x64\Debug\openssl\mdc2.h">
      <Filter>Header Files</Filter>
    </ClInclude>
    <ClInclude Include="openssl\x64\Debug\openssl\modes.h">
      <Filter>Header Files</Filter>
    </ClInclude>
    <ClInclude Include="openssl\x64\Debug\openssl\objects.h">
      <Filter>Header Files</Filter>
    </ClInclude>
    <ClInclude Include="openssl\x64\Debug\openssl\objectserr.h">
      <Filter>Header Files</Filter>
    </ClInclude>
    <ClInclude Include="openssl\x64\Debug\openssl\obj_mac.h">
      <Filter>Header Files</Filter>
    </ClInclude>
    <ClInclude Include="openssl\x64\Debug\openssl\ocsp.h">
      <Filter>Header Files</Filter>
    </ClInclude>
    <ClInclude Include="openssl\x64\Debug\openssl\ocsperr.h">
      <Filter>Header Files</Filter>
    </ClInclude>
    <ClInclude Include="openssl\x64\Debug\openssl\opensslconf.h">
      <Filter>Header Files</Filter>
    </ClInclude>
    <ClInclude Include="openssl\x64\Debug\openssl\opensslv.h">
      <Filter>Header Files</Filter>
    </ClInclude>
    <ClInclude Include="openssl\x64\Debug\openssl\ossl_typ.h">
      <Filter>Header Files</Filter>
    </ClInclude>
    <ClInclude Include="openssl\x64\Debug\openssl\params.h">
      <Filter>Header Files</Filter>
    </ClInclude>
    <ClInclude Include="openssl\x64\Debug\openssl\pem.h">
      <Filter>Header Files</Filter>
    </ClInclude>
    <ClInclude Include="openssl\x64\Debug\openssl\pem2.h">
      <Filter>Header Files</Filter>
    </ClInclude>
    <ClInclude Include="openssl\x64\Debug\openssl\pemerr.h">
      <Filter>Header Files</Filter>
    </ClInclude>
    <ClInclude Include="openssl\x64\Debug\openssl\pkcs12.h">
      <Filter>Header Files</Filter>
    </ClInclude>
    <ClInclude Include="openssl\x64\Debug\openssl\pkcs12err.h">
      <Filter>Header Files</Filter>
    </ClInclude>
    <ClInclude Include="openssl\x64\Debug\openssl\pkcs7.h">
      <Filter>Header Files</Filter>
    </ClInclude>
    <ClInclude Include="openssl\x64\Debug\openssl\pkcs7err.h">
      <Filter>Header Files</Filter>
    </ClInclude>
    <ClInclude Include="openssl\x64\Debug\openssl\provider.h">
      <Filter>Header Files</Filter>
    </ClInclude>
    <ClInclude Include="openssl\x64\Debug\openssl\rand.h">
      <Filter>Header Files</Filter>
    </ClInclude>
    <ClInclude Include="openssl\x64\Debug\openssl\randerr.h">
      <Filter>Header Files</Filter>
    </ClInclude>
    <ClInclude Include="openssl\x64\Debug\openssl\rand_drbg.h">
      <Filter>Header Files</Filter>
    </ClInclude>
    <ClInclude Include="openssl\x64\Debug\openssl\rc2.h">
      <Filter>Header Files</Filter>
    </ClInclude>
    <ClInclude Include="openssl\x64\Debug\openssl\rc4.h">
      <Filter>Header Files</Filter>
    </ClInclude>
    <ClInclude Include="openssl\x64\Debug\openssl\rc5.h">
      <Filter>Header Files</Filter>
    </ClInclude>
    <ClInclude Include="openssl\x64\Debug\openssl\ripemd.h">
      <Filter>Header Files</Filter>
    </ClInclude>
    <ClInclude Include="openssl\x64\Debug\openssl\rsa.h">
      <Filter>Header Files</Filter>
    </ClInclude>
    <ClInclude Include="openssl\x64\Debug\openssl\rsaerr.h">
      <Filter>Header Files</Filter>
    </ClInclude>
    <ClInclude Include="openssl\x64\Debug\openssl\safestack.h">
      <Filter>Header Files</Filter>
    </ClInclude>
    <ClInclude Include="openssl\x64\Debug\openssl\seed.h">
      <Filter>Header Files</Filter>
    </ClInclude>
    <ClInclude Include="openssl\x64\Debug\openssl\self_test.h">
      <Filter>Header Files</Filter>
    </ClInclude>
    <ClInclude Include="openssl\x64\Debug\openssl\serializer.h">
      <Filter>Header Files</Filter>
    </ClInclude>
    <ClInclude Include="openssl\x64\Debug\openssl\serializererr.h">
      <Filter>Header Files</Filter>
    </ClInclude>
    <ClInclude Include="openssl\x64\Debug\openssl\sha.h">
      <Filter>Header Files</Filter>
    </ClInclude>
    <ClInclude Include="openssl\x64\Debug\openssl\srp.h">
      <Filter>Header Files</Filter>
    </ClInclude>
    <ClInclude Include="openssl\x64\Debug\openssl\srtp.h">
      <Filter>Header Files</Filter>
    </ClInclude>
    <ClInclude Include="openssl\x64\Debug\openssl\ssl.h">
      <Filter>Header Files</Filter>
    </ClInclude>
    <ClInclude Include="openssl\x64\Debug\openssl\ssl2.h">
      <Filter>Header Files</Filter>
    </ClInclude>
    <ClInclude Include="openssl\x64\Debug\openssl\ssl3.h">
      <Filter>Header Files</Filter>
    </ClInclude>
    <ClInclude Include="openssl\x64\Debug\openssl\sslerr.h">
      <Filter>Header Files</Filter>
    </ClInclude>
    <ClInclude Include="openssl\x64\Debug\openssl\stack.h">
      <Filter>Header Files</Filter>
    </ClInclude>
    <ClInclude Include="openssl\x64\Debug\openssl\store.h">
      <Filter>Header Files</Filter>
    </ClInclude>
    <ClInclude Include="openssl\x64\Debug\openssl\storeerr.h">
      <Filter>Header Files</Filter>
    </ClInclude>
    <ClInclude Include="openssl\x64\Debug\openssl\symhacks.h">
      <Filter>Header Files</Filter>
    </ClInclude>
    <ClInclude Include="openssl\x64\Debug\openssl\tls1.h">
      <Filter>Header Files</Filter>
    </ClInclude>
    <ClInclude Include="openssl\x64\Debug\openssl\trace.h">
      <Filter>Header Files</Filter>
    </ClInclude>
    <ClInclude Include="openssl\x64\Debug\openssl\ts.h">
      <Filter>Header Files</Filter>
    </ClInclude>
    <ClInclude Include="openssl\x64\Debug\openssl\tserr.h">
      <Filter>Header Files</Filter>
    </ClInclude>
    <ClInclude Include="openssl\x64\Debug\openssl\txt_db.h">
      <Filter>Header Files</Filter>
    </ClInclude>
    <ClInclude Include="openssl\x64\Debug\openssl\types.h">
      <Filter>Header Files</Filter>
    </ClInclude>
    <ClInclude Include="openssl\x64\Debug\openssl\ui.h">
      <Filter>Header Files</Filter>
    </ClInclude>
    <ClInclude Include="openssl\x64\Debug\openssl\uierr.h">
      <Filter>Header Files</Filter>
    </ClInclude>
    <ClInclude Include="openssl\x64\Debug\openssl\whrlpool.h">
      <Filter>Header Files</Filter>
    </ClInclude>
    <ClInclude Include="openssl\x64\Debug\openssl\x509.h">
      <Filter>Header Files</Filter>
    </ClInclude>
    <ClInclude Include="openssl\x64\Debug\openssl\x509err.h">
      <Filter>Header Files</Filter>
    </ClInclude>
    <ClInclude Include="openssl\x64\Debug\openssl\x509v3.h">
      <Filter>Header Files</Filter>
    </ClInclude>
    <ClInclude Include="openssl\x64\Debug\openssl\x509v3err.h">
      <Filter>Header Files</Filter>
    </ClInclude>
    <ClInclude Include="openssl\x64\Debug\openssl\x509_vfy.h">
      <Filter>Header Files</Filter>
    </ClInclude>
    <ClInclude Include="openssl\x64\Debug\openssl\__DECC_INCLUDE_EPILOGUE.H">
      <Filter>Header Files</Filter>
    </ClInclude>
    <ClInclude Include="openssl\x64\Debug\openssl\__DECC_INCLUDE_PROLOGUE.H">
      <Filter>Header Files</Filter>
    </ClInclude>
    <ClInclude Include="openssl\x64\Release\openssl\aes.h">
      <Filter>Header Files</Filter>
    </ClInclude>
    <ClInclude Include="openssl\x64\Release\openssl\asn1.h">
      <Filter>Header Files</Filter>
    </ClInclude>
    <ClInclude Include="openssl\x64\Release\openssl\asn1err.h">
      <Filter>Header Files</Filter>
    </ClInclude>
    <ClInclude Include="openssl\x64\Release\openssl\asn1t.h">
      <Filter>Header Files</Filter>
    </ClInclude>
    <ClInclude Include="openssl\x64\Release\openssl\asn1_mac.h">
      <Filter>Header Files</Filter>
    </ClInclude>
    <ClInclude Include="openssl\x64\Release\openssl\async.h">
      <Filter>Header Files</Filter>
    </ClInclude>
    <ClInclude Include="openssl\x64\Release\openssl\asyncerr.h">
      <Filter>Header Files</Filter>
    </ClInclude>
    <ClInclude Include="openssl\x64\Release\openssl\bio.h">
      <Filter>Header Files</Filter>
    </ClInclude>
    <ClInclude Include="openssl\x64\Release\openssl\bioerr.h">
      <Filter>Header Files</Filter>
    </ClInclude>
    <ClInclude Include="openssl\x64\Release\openssl\blowfish.h">
      <Filter>Header Files</Filter>
    </ClInclude>
    <ClInclude Include="openssl\x64\Release\openssl\bn.h">
      <Filter>Header Files</Filter>
    </ClInclude>
    <ClInclude Include="openssl\x64\Release\openssl\bnerr.h">
      <Filter>Header Files</Filter>
    </ClInclude>
    <ClInclude Include="openssl\x64\Release\openssl\buffer.h">
      <Filter>Header Files</Filter>
    </ClInclude>
    <ClInclude Include="openssl\x64\Release\openssl\buffererr.h">
      <Filter>Header Files</Filter>
    </ClInclude>
    <ClInclude Include="openssl\x64\Release\openssl\camellia.h">
      <Filter>Header Files</Filter>
    </ClInclude>
    <ClInclude Include="openssl\x64\Release\openssl\cast.h">
      <Filter>Header Files</Filter>
    </ClInclude>
    <ClInclude Include="openssl\x64\Release\openssl\cmac.h">
      <Filter>Header Files</Filter>
    </ClInclude>
    <ClInclude Include="openssl\x64\Release\openssl\cmp.h">
      <Filter>Header Files</Filter>
    </ClInclude>
    <ClInclude Include="openssl\x64\Release\openssl\cmperr.h">
      <Filter>Header Files</Filter>
    </ClInclude>
    <ClInclude Include="openssl\x64\Release\openssl\cmp_util.h">
      <Filter>Header Files</Filter>
    </ClInclude>
    <ClInclude Include="openssl\x64\Release\openssl\cms.h">
      <Filter>Header Files</Filter>
    </ClInclude>
    <ClInclude Include="openssl\x64\Release\openssl\cmserr.h">
      <Filter>Header Files</Filter>
    </ClInclude>
    <ClInclude Include="openssl\x64\Release\openssl\comp.h">
      <Filter>Header Files</Filter>
    </ClInclude>
    <ClInclude Include="openssl\x64\Release\openssl\comperr.h">
      <Filter>Header Files</Filter>
    </ClInclude>
    <ClInclude Include="openssl\x64\Release\openssl\conf.h">
      <Filter>Header Files</Filter>
    </ClInclude>
    <ClInclude Include="openssl\x64\Release\openssl\conferr.h">
      <Filter>Header Files</Filter>
    </ClInclude>
    <ClInclude Include="openssl\x64\Release\openssl\configuration.h">
      <Filter>Header Files</Filter>
    </ClInclude>
    <ClInclude Include="openssl\x64\Release\openssl\conf_api.h">
      <Filter>Header Files</Filter>
    </ClInclude>
    <ClInclude Include="openssl\x64\Release\openssl\core.h">
      <Filter>Header Files</Filter>
    </ClInclude>
    <ClInclude Include="openssl\x64\Release\openssl\core_names.h">
      <Filter>Header Files</Filter>
    </ClInclude>
    <ClInclude Include="openssl\x64\Release\openssl\core_numbers.h">
      <Filter>Header Files</Filter>
    </ClInclude>
    <ClInclude Include="openssl\x64\Release\openssl\crmf.h">
      <Filter>Header Files</Filter>
    </ClInclude>
    <ClInclude Include="openssl\x64\Release\openssl\crmferr.h">
      <Filter>Header Files</Filter>
    </ClInclude>
    <ClInclude Include="openssl\x64\Release\openssl\crypto.h">
      <Filter>Header Files</Filter>
    </ClInclude>
    <ClInclude Include="openssl\x64\Release\openssl\cryptoerr.h">
      <Filter>Header Files</Filter>
    </ClInclude>
    <ClInclude Include="openssl\x64\Release\openssl\ct.h">
      <Filter>Header Files</Filter>
    </ClInclude>
    <ClInclude Include="openssl\x64\Release\openssl\cterr.h">
      <Filter>Header Files</Filter>
    </ClInclude>
    <ClInclude Include="openssl\x64\Release\openssl\des.h">
      <Filter>Header Files</Filter>
    </ClInclude>
    <ClInclude Include="openssl\x64\Release\openssl\dh.h">
      <Filter>Header Files</Filter>
    </ClInclude>
    <ClInclude Include="openssl\x64\Release\openssl\dherr.h">
      <Filter>Header Files</Filter>
    </ClInclude>
    <ClInclude Include="openssl\x64\Release\openssl\dsa.h">
      <Filter>Header Files</Filter>
    </ClInclude>
    <ClInclude Include="openssl\x64\Release\openssl\dsaerr.h">
      <Filter>Header Files</Filter>
    </ClInclude>
    <ClInclude Include="openssl\x64\Release\openssl\dtls1.h">
      <Filter>Header Files</Filter>
    </ClInclude>
    <ClInclude Include="openssl\x64\Release\openssl\ebcdic.h">
      <Filter>Header Files</Filter>
    </ClInclude>
    <ClInclude Include="openssl\x64\Release\openssl\ec.h">
      <Filter>Header Files</Filter>
    </ClInclude>
    <ClInclude Include="openssl\x64\Release\openssl\ecdh.h">
      <Filter>Header Files</Filter>
    </ClInclude>
    <ClInclude Include="openssl\x64\Release\openssl\ecdsa.h">
      <Filter>Header Files</Filter>
    </ClInclude>
    <ClInclude Include="openssl\x64\Release\openssl\ecerr.h">
      <Filter>Header Files</Filter>
    </ClInclude>
    <ClInclude Include="openssl\x64\Release\openssl\engine.h">
      <Filter>Header Files</Filter>
    </ClInclude>
    <ClInclude Include="openssl\x64\Release\openssl\engineerr.h">
      <Filter>Header Files</Filter>
    </ClInclude>
    <ClInclude Include="openssl\x64\Release\openssl\err.h">
      <Filter>Header Files</Filter>
    </ClInclude>
    <ClInclude Include="openssl\x64\Release\openssl\ess.h">
      <Filter>Header Files</Filter>
    </ClInclude>
    <ClInclude Include="openssl\x64\Release\openssl\esserr.h">
      <Filter>Header Files</Filter>
    </ClInclude>
    <ClInclude Include="openssl\x64\Release\openssl\evp.h">
      <Filter>Header Files</Filter>
    </ClInclude>
    <ClInclude Include="openssl\x64\Release\openssl\evperr.h">
      <Filter>Header Files</Filter>
    </ClInclude>
    <ClInclude Include="openssl\x64\Release\openssl\e_os2.h">
      <Filter>Header Files</Filter>
    </ClInclude>
    <ClInclude Include="openssl\x64\Release\openssl\fips_names.h">
      <Filter>Header Files</Filter>
    </ClInclude>
    <ClInclude Include="openssl\x64\Release\openssl\hmac.h">
      <Filter>Header Files</Filter>
    </ClInclude>
    <ClInclude Include="openssl\x64\Release\openssl\http.h">
      <Filter>Header Files</Filter>
    </ClInclude>
    <ClInclude Include="openssl\x64\Release\openssl\httperr.h">
      <Filter>Header Files</Filter>
    </ClInclude>
    <ClInclude Include="openssl\x64\Release\openssl\idea.h">
      <Filter>Header Files</Filter>
    </ClInclude>
    <ClInclude Include="openssl\x64\Release\openssl\kdf.h">
      <Filter>Header Files</Filter>
    </ClInclude>
    <ClInclude Include="openssl\x64\Release\openssl\kdferr.h">
      <Filter>Header Files</Filter>
    </ClInclude>
    <ClInclude Include="openssl\x64\Release\openssl\lhash.h">
      <Filter>Header Files</Filter>
    </ClInclude>
    <ClInclude Include="openssl\x64\Release\openssl\macros.h">
      <Filter>Header Files</Filter>
    </ClInclude>
    <ClInclude Include="openssl\x64\Release\openssl\md2.h">
      <Filter>Header Files</Filter>
    </ClInclude>
    <ClInclude Include="openssl\x64\Release\openssl\md4.h">
      <Filter>Header Files</Filter>
    </ClInclude>
    <ClInclude Include="openssl\x64\Release\openssl\md5.h">
      <Filter>Header Files</Filter>
    </ClInclude>
    <ClInclude Include="openssl\x64\Release\openssl\mdc2.h">
      <Filter>Header Files</Filter>
    </ClInclude>
    <ClInclude Include="openssl\x64\Release\openssl\modes.h">
      <Filter>Header Files</Filter>
    </ClInclude>
    <ClInclude Include="openssl\x64\Release\openssl\objects.h">
      <Filter>Header Files</Filter>
    </ClInclude>
    <ClInclude Include="openssl\x64\Release\openssl\objectserr.h">
      <Filter>Header Files</Filter>
    </ClInclude>
    <ClInclude Include="openssl\x64\Release\openssl\obj_mac.h">
      <Filter>Header Files</Filter>
    </ClInclude>
    <ClInclude Include="openssl\x64\Release\openssl\ocsp.h">
      <Filter>Header Files</Filter>
    </ClInclude>
    <ClInclude Include="openssl\x64\Release\openssl\ocsperr.h">
      <Filter>Header Files</Filter>
    </ClInclude>
    <ClInclude Include="openssl\x64\Release\openssl\opensslconf.h">
      <Filter>Header Files</Filter>
    </ClInclude>
    <ClInclude Include="openssl\x64\Release\openssl\opensslv.h">
      <Filter>Header Files</Filter>
    </ClInclude>
    <ClInclude Include="openssl\x64\Release\openssl\ossl_typ.h">
      <Filter>Header Files</Filter>
    </ClInclude>
    <ClInclude Include="openssl\x64\Release\openssl\params.h">
      <Filter>Header Files</Filter>
    </ClInclude>
    <ClInclude Include="openssl\x64\Release\openssl\pem.h">
      <Filter>Header Files</Filter>
    </ClInclude>
    <ClInclude Include="openssl\x64\Release\openssl\pem2.h">
      <Filter>Header Files</Filter>
    </ClInclude>
    <ClInclude Include="openssl\x64\Release\openssl\pemerr.h">
      <Filter>Header Files</Filter>
    </ClInclude>
    <ClInclude Include="openssl\x64\Release\openssl\pkcs12.h">
      <Filter>Header Files</Filter>
    </ClInclude>
    <ClInclude Include="openssl\x64\Release\openssl\pkcs12err.h">
      <Filter>Header Files</Filter>
    </ClInclude>
    <ClInclude Include="openssl\x64\Release\openssl\pkcs7.h">
      <Filter>Header Files</Filter>
    </ClInclude>
    <ClInclude Include="openssl\x64\Release\openssl\pkcs7err.h">
      <Filter>Header Files</Filter>
    </ClInclude>
    <ClInclude Include="openssl\x64\Release\openssl\provider.h">
      <Filter>Header Files</Filter>
    </ClInclude>
    <ClInclude Include="openssl\x64\Release\openssl\rand.h">
      <Filter>Header Files</Filter>
    </ClInclude>
    <ClInclude Include="openssl\x64\Release\openssl\randerr.h">
      <Filter>Header Files</Filter>
    </ClInclude>
    <ClInclude Include="openssl\x64\Release\openssl\rand_drbg.h">
      <Filter>Header Files</Filter>
    </ClInclude>
    <ClInclude Include="openssl\x64\Release\openssl\rc2.h">
      <Filter>Header Files</Filter>
    </ClInclude>
    <ClInclude Include="openssl\x64\Release\openssl\rc4.h">
      <Filter>Header Files</Filter>
    </ClInclude>
    <ClInclude Include="openssl\x64\Release\openssl\rc5.h">
      <Filter>Header Files</Filter>
    </ClInclude>
    <ClInclude Include="openssl\x64\Release\openssl\ripemd.h">
      <Filter>Header Files</Filter>
    </ClInclude>
    <ClInclude Include="openssl\x64\Release\openssl\rsa.h">
      <Filter>Header Files</Filter>
    </ClInclude>
    <ClInclude Include="openssl\x64\Release\openssl\rsaerr.h">
      <Filter>Header Files</Filter>
    </ClInclude>
    <ClInclude Include="openssl\x64\Release\openssl\safestack.h">
      <Filter>Header Files</Filter>
    </ClInclude>
    <ClInclude Include="openssl\x64\Release\openssl\seed.h">
      <Filter>Header Files</Filter>
    </ClInclude>
    <ClInclude Include="openssl\x64\Release\openssl\self_test.h">
      <Filter>Header Files</Filter>
    </ClInclude>
    <ClInclude Include="openssl\x64\Release\openssl\serializer.h">
      <Filter>Header Files</Filter>
    </ClInclude>
    <ClInclude Include="openssl\x64\Release\openssl\serializererr.h">
      <Filter>Header Files</Filter>
    </ClInclude>
    <ClInclude Include="openssl\x64\Release\openssl\sha.h">
      <Filter>Header Files</Filter>
    </ClInclude>
    <ClInclude Include="openssl\x64\Release\openssl\srp.h">
      <Filter>Header Files</Filter>
    </ClInclude>
    <ClInclude Include="openssl\x64\Release\openssl\srtp.h">
      <Filter>Header Files</Filter>
    </ClInclude>
    <ClInclude Include="openssl\x64\Release\openssl\ssl.h">
      <Filter>Header Files</Filter>
    </ClInclude>
    <ClInclude Include="openssl\x64\Release\openssl\ssl2.h">
      <Filter>Header Files</Filter>
    </ClInclude>
    <ClInclude Include="openssl\x64\Release\openssl\ssl3.h">
      <Filter>Header Files</Filter>
    </ClInclude>
    <ClInclude Include="openssl\x64\Release\openssl\sslerr.h">
      <Filter>Header Files</Filter>
    </ClInclude>
    <ClInclude Include="openssl\x64\Release\openssl\stack.h">
      <Filter>Header Files</Filter>
    </ClInclude>
    <ClInclude Include="openssl\x64\Release\openssl\store.h">
      <Filter>Header Files</Filter>
    </ClInclude>
    <ClInclude Include="openssl\x64\Release\openssl\storeerr.h">
      <Filter>Header Files</Filter>
    </ClInclude>
    <ClInclude Include="openssl\x64\Release\openssl\symhacks.h">
      <Filter>Header Files</Filter>
    </ClInclude>
    <ClInclude Include="openssl\x64\Release\openssl\tls1.h">
      <Filter>Header Files</Filter>
    </ClInclude>
    <ClInclude Include="openssl\x64\Release\openssl\trace.h">
      <Filter>Header Files</Filter>
    </ClInclude>
    <ClInclude Include="openssl\x64\Release\openssl\ts.h">
      <Filter>Header Files</Filter>
    </ClInclude>
    <ClInclude Include="openssl\x64\Release\openssl\tserr.h">
      <Filter>Header Files</Filter>
    </ClInclude>
    <ClInclude Include="openssl\x64\Release\openssl\txt_db.h">
      <Filter>Header Files</Filter>
    </ClInclude>
    <ClInclude Include="openssl\x64\Release\openssl\types.h">
      <Filter>Header Files</Filter>
    </ClInclude>
    <ClInclude Include="openssl\x64\Release\openssl\ui.h">
      <Filter>Header Files</Filter>
    </ClInclude>
    <ClInclude Include="openssl\x64\Release\openssl\uierr.h">
      <Filter>Header Files</Filter>
    </ClInclude>
    <ClInclude Include="openssl\x64\Release\openssl\whrlpool.h">
      <Filter>Header Files</Filter>
    </ClInclude>
    <ClInclude Include="openssl\x64\Release\openssl\x509.h">
      <Filter>Header Files</Filter>
    </ClInclude>
    <ClInclude Include="openssl\x64\Release\openssl\x509err.h">
      <Filter>Header Files</Filter>
    </ClInclude>
    <ClInclude Include="openssl\x64\Release\openssl\x509v3.h">
      <Filter>Header Files</Filter>
    </ClInclude>
    <ClInclude Include="openssl\x64\Release\openssl\x509v3err.h">
      <Filter>Header Files</Filter>
    </ClInclude>
    <ClInclude Include="openssl\x64\Release\openssl\x509_vfy.h">
      <Filter>Header Files</Filter>
    </ClInclude>
    <ClInclude Include="openssl\x64\Release\openssl\__DECC_INCLUDE_EPILOGUE.H">
      <Filter>Header Files</Filter>
    </ClInclude>
    <ClInclude Include="openssl\x64\Release\openssl\__DECC_INCLUDE_PROLOGUE.H">
      <Filter>Header Files</Filter>
    </ClInclude>
  </ItemGroup>
  <ItemGroup>
    <ClCompile Include="hasher.cpp">
      <Filter>Source Files</Filter>
    </ClCompile>
    <ClCompile Include="hasherDlg.cpp">
      <Filter>Source Files</Filter>
    </ClCompile>
    <ClCompile Include="pch.cpp">
      <Filter>Source Files</Filter>
    </ClCompile>
  </ItemGroup>
  <ItemGroup>
    <ResourceCompile Include="hasher.rc">
      <Filter>Resource Files</Filter>
    </ResourceCompile>
  </ItemGroup>
  <ItemGroup>
    <None Include="res\hasher.rc2">
      <Filter>Resource Files</Filter>
    </None>
    <None Include="libssl\x32\Debug\c_rehash.pl" />
    <None Include="libssl\x32\Debug\engines-3\capi.dll" />
    <None Include="libssl\x32\Debug\engines-3\capi.pdb" />
    <None Include="libssl\x32\Debug\engines-3\padlock.dll" />
    <None Include="libssl\x32\Debug\engines-3\padlock.pdb" />
    <None Include="libssl\x32\Debug\libcrypto-3.dll" />
    <None Include="libssl\x32\Debug\libcrypto-3.pdb" />
    <None Include="libssl\x32\Debug\libssl-3.dll" />
    <None Include="libssl\x32\Debug\libssl-3.pdb" />
    <None Include="libssl\x32\Debug\openssl.exe" />
    <None Include="libssl\x32\Debug\openssl.pdb" />
    <None Include="libssl\x32\Release\engines-3\capi.dll" />
    <None Include="libssl\x32\Release\engines-3\capi.pdb" />
    <None Include="libssl\x32\Release\engines-3\padlock.dll" />
    <None Include="libssl\x32\Release\engines-3\padlock.pdb" />
    <None Include="libssl\x64\Release\engines-3\capi.dll" />
    <None Include="libssl\x64\Release\engines-3\capi.pdb" />
    <None Include="libssl\x64\Release\engines-3\padlock.dll" />
    <None Include="libssl\x64\Release\engines-3\padlock.pdb" />
    <None Include="libssl\x64\Release\ossl_static.pdb" />
    <None Include="libssl\x32\Release\ossl_static.pdb" />
  </ItemGroup>
  <ItemGroup>
    <Image Include="res\hasher.ico">
      <Filter>Resource Files</Filter>
    </Image>
  </ItemGroup>
  <ItemGroup>
    <Library Include="libcrypto.lib" />
    <Library Include="libssl\x32\Release\libcrypto.lib" />
    <Library Include="libssl\x32\Release\libssl.lib" />
    <Library Include="libssl\x64\Release\libcrypto.lib" />
    <Library Include="libssl\x64\Release\libssl.lib" />
  </ItemGroup>
</Project>